
Microsoft Visual Studio Solution File, Format Version 12.00
# Visual Studio Version 16
VisualStudioVersion = 16.0.29324.140
MinimumVisualStudioVersion = 10.0.40219.1
Project("{FAE04EC0-301F-11D3-BF4B-00C04F79EFBC}") = "DistributeApp", "DistributeApp\DistributeApp.csproj", "{82342588-484C-4F1E-B85C-6A7393B50719}"
EndProject
Global
	GlobalSection(SolutionConfigurationPlatforms) = preSolution
		Debug|Any CPU = Debug|Any CPU
		Release|Any CPU = Release|Any CPU
	EndGlobalSection
	GlobalSection(ProjectConfigurationPlatforms) = postSolution
		{82342588-484C-4F1E-B85C-6A7393B50719}.Debug|Any CPU.ActiveCfg = Debug|Any CPU
		{82342588-484C-4F1E-B85C-6A7393B50719}.Debug|Any CPU.Build.0 = Debug|Any CPU
		{82342588-484C-4F1E-B85C-6A7393B50719}.Release|Any CPU.ActiveCfg = Release|Any CPU
		{82342588-484C-4F1E-B85C-6A7393B50719}.Release|Any CPU.Build.0 = Release|Any CPU
	EndGlobalSection
	GlobalSection(SolutionProperties) = preSolution
		HideSolutionNode = FALSE
	EndGlobalSection
	GlobalSection(ExtensibilityGlobals) = postSolution
		SolutionGuid = {7C844E54-FAA1-451E-A9B1-3A0C6E2CD065}
	EndGlobalSection
EndGlobal
